<Solution>
  <Folder Name="/tests/">
    <Project Path="tests/CashPrism.Tests.Integration/CashPrism.Tests.Integration.csproj" />
    <Project Path="tests/CashPrism.Tests.Unit/CashPrism.Tests.Unit.csproj" />
  </Folder>
  <Project Path="CashPrism.Application/CashPrism.Application.csproj" />
  <Project Path="CashPrism.Domain/CashPrism.Domain.csproj" />
  <Project Path="CashPrism.Infrastructure.Finanzguru/CashPrism.Infrastructure.Finanzguru.csproj" />
  <Project Path="CashPrism.Infrastructure/CashPrism.Infrastructure.csproj" />
  <Project Path="CashPrism.Shell/CashPrism.Shell.csproj" />
  <Project Path="CashPrism.Web/CashPrism.Web.csproj" />
</Solution>
